// !$*UTF8*$!
{
	archiveVersion = 1;
	classes = {
	};
	objectVersion = 50;
	objects = {

/* Begin PBXBuildFile section */
		B408393324B865D600614441 /* DeveloperViewController.swift in Sources */ = {isa = PBXBuildFile; fileRef = B408393224B865D600614441 /* DeveloperViewController.swift */; };
		B408393524B865E700614441 /* DeveloperViewStoryboard.storyboard in Resources */ = {isa = PBXBuildFile; fileRef = B408393424B865E700614441 /* DeveloperViewStoryboard.storyboard */; };
		B408393824B8689700614441 /* DeveloperCell.swift in Sources */ = {isa = PBXBuildFile; fileRef = B408393624B8689700614441 /* DeveloperCell.swift */; };
		B408393924B8689700614441 /* DeveloperCell.xib in Resources */ = {isa = PBXBuildFile; fileRef = B408393724B8689700614441 /* DeveloperCell.xib */; };
		B409239724B57E560058E86B /* ProfileViewStoryboard.storyboard in Resources */ = {isa = PBXBuildFile; fileRef = B409239624B57E560058E86B /* ProfileViewStoryboard.storyboard */; };
		B409239924B57E6F0058E86B /* ProfileViewController.swift in Sources */ = {isa = PBXBuildFile; fileRef = B409239824B57E6F0058E86B /* ProfileViewController.swift */; };
		B409239B24B5A3650058E86B /* HomeViewStoryboard.storyboard in Resources */ = {isa = PBXBuildFile; fileRef = B409239A24B5A3650058E86B /* HomeViewStoryboard.storyboard */; };
		B438FC5524BA054200FD3539 /* Customize.swift in Sources */ = {isa = PBXBuildFile; fileRef = B438FC5424BA054200FD3539 /* Customize.swift */; };
		B4D94E7824B714DF00BA638C /* GamesModel.swift in Sources */ = {isa = PBXBuildFile; fileRef = B4D94E7724B714DF00BA638C /* GamesModel.swift */; };
		B4D94E7A24B73D1600BA638C /* DetailGameModel.swift in Sources */ = {isa = PBXBuildFile; fileRef = B4D94E7924B73D1600BA638C /* DetailGameModel.swift */; };
		B4D94E7C24B740D300BA638C /* DeveloperModel.swift in Sources */ = {isa = PBXBuildFile; fileRef = B4D94E7B24B740D300BA638C /* DeveloperModel.swift */; };
		B4D94E7E24B75D0600BA638C /* RawgServiceAPI.swift in Sources */ = {isa = PBXBuildFile; fileRef = B4D94E7D24B75D0600BA638C /* RawgServiceAPI.swift */; };
		B4D94E8024B75DCD00BA638C /* DetailViewController.swift in Sources */ = {isa = PBXBuildFile; fileRef = B4D94E7F24B75DCD00BA638C /* DetailViewController.swift */; };
		B4D94E8324B7621900BA638C /* GamesCell.swift in Sources */ = {isa = PBXBuildFile; fileRef = B4D94E8124B7621900BA638C /* GamesCell.swift */; };
		B4D94E8424B7621900BA638C /* GamesCell.xib in Resources */ = {isa = PBXBuildFile; fileRef = B4D94E8224B7621900BA638C /* GamesCell.xib */; };
		B4FB8AB324B4AEBD000B6729 /* AppDelegate.swift in Sources */ = {isa = PBXBuildFile; fileRef = B4FB8AB224B4AEBD000B6729 /* AppDelegate.swift */; };
		B4FB8AB524B4AEBD000B6729 /* SceneDelegate.swift in Sources */ = {isa = PBXBuildFile; fileRef = B4FB8AB424B4AEBD000B6729 /* SceneDelegate.swift */; };
		B4FB8AB724B4AEBD000B6729 /* ViewController.swift in Sources */ = {isa = PBXBuildFile; fileRef = B4FB8AB624B4AEBD000B6729 /* ViewController.swift */; };
		B4FB8ABA24B4AEBD000B6729 /* Main.storyboard in Resources */ = {isa = PBXBuildFile; fileRef = B4FB8AB824B4AEBD000B6729 /* Main.storyboard */; };
		B4FB8ABC24B4AEC7000B6729 /* Assets.xcassets in Resources */ = {isa = PBXBuildFile; fileRef = B4FB8ABB24B4AEC7000B6729 /* Assets.xcassets */; };
		B4FB8ABF24B4AEC7000B6729 /* LaunchScreen.storyboard in Resources */ = {isa = PBXBuildFile; fileRef = B4FB8ABD24B4AEC7000B6729 /* LaunchScreen.storyboard */; };
/* End PBXBuildFile section */

/* Begin PBXFileReference section */
		B408393224B865D600614441 /* DeveloperViewController.swift */ = {isa = PBXFileReference; lastKnownFileType = sourcecode.swift; path = DeveloperViewController.swift; sourceTree = "<group>"; };
		B408393424B865E700614441 /* DeveloperViewStoryboard.storyboard */ = {isa = PBXFileReference; lastKnownFileType = file.storyboard; path = DeveloperViewStoryboard.storyboard; sourceTree = "<group>"; };
		B408393624B8689700614441 /* DeveloperCell.swift */ = {isa = PBXFileReference; lastKnownFileType = sourcecode.swift; path = DeveloperCell.swift; sourceTree = "<group>"; };
		B408393724B8689700614441 /* DeveloperCell.xib */ = {isa = PBXFileReference; lastKnownFileType = file.xib; path = DeveloperCell.xib; sourceTree = "<group>"; };
		B409239624B57E560058E86B /* ProfileViewStoryboard.storyboard */ = {isa = PBXFileReference; lastKnownFileType = file.storyboard; path = ProfileViewStoryboard.storyboard; sourceTree = "<group>"; };
		B409239824B57E6F0058E86B /* ProfileViewController.swift */ = {isa = PBXFileReference; lastKnownFileType = sourcecode.swift; path = ProfileViewController.swift; sourceTree = "<group>"; };
		B409239A24B5A3650058E86B /* HomeViewStoryboard.storyboard */ = {isa = PBXFileReference; lastKnownFileType = file.storyboard; path = HomeViewStoryboard.storyboard; sourceTree = "<group>"; };
		B438FC5424BA054200FD3539 /* Customize.swift */ = {isa = PBXFileReference; lastKnownFileType = sourcecode.swift; path = Customize.swift; sourceTree = "<group>"; };
		B4D94E7724B714DF00BA638C /* GamesModel.swift */ = {isa = PBXFileReference; lastKnownFileType = sourcecode.swift; path = GamesModel.swift; sourceTree = "<group>"; };
		B4D94E7924B73D1600BA638C /* DetailGameModel.swift */ = {isa = PBXFileReference; lastKnownFileType = sourcecode.swift; path = DetailGameModel.swift; sourceTree = "<group>"; };
		B4D94E7B24B740D300BA638C /* DeveloperModel.swift */ = {isa = PBXFileReference; lastKnownFileType = sourcecode.swift; path = DeveloperModel.swift; sourceTree = "<group>"; };
		B4D94E7D24B75D0600BA638C /* RawgServiceAPI.swift */ = {isa = PBXFileReference; lastKnownFileType = sourcecode.swift; path = RawgServiceAPI.swift; sourceTree = "<group>"; };
		B4D94E7F24B75DCD00BA638C /* DetailViewController.swift */ = {isa = PBXFileReference; lastKnownFileType = sourcecode.swift; path = DetailViewController.swift; sourceTree = "<group>"; };
		B4D94E8124B7621900BA638C /* GamesCell.swift */ = {isa = PBXFileReference; lastKnownFileType = sourcecode.swift; path = GamesCell.swift; sourceTree = "<group>"; };
		B4D94E8224B7621900BA638C /* GamesCell.xib */ = {isa = PBXFileReference; lastKnownFileType = file.xib; path = GamesCell.xib; sourceTree = "<group>"; };
		B4FB8AAF24B4AEBD000B6729 /* GameCatalogue.app */ = {isa = PBXFileReference; explicitFileType = wrapper.application; includeInIndex = 0; path = GameCatalogue.app; sourceTree = BUILT_PRODUCTS_DIR; };
		B4FB8AB224B4AEBD000B6729 /* AppDelegate.swift */ = {isa = PBXFileReference; lastKnownFileType = sourcecode.swift; path = AppDelegate.swift; sourceTree = "<group>"; };
		B4FB8AB424B4AEBD000B6729 /* SceneDelegate.swift */ = {isa = PBXFileReference; lastKnownFileType = sourcecode.swift; path = SceneDelegate.swift; sourceTree = "<group>"; };
		B4FB8AB624B4AEBD000B6729 /* ViewController.swift */ = {isa = PBXFileReference; lastKnownFileType = sourcecode.swift; path = ViewController.swift; sourceTree = "<group>"; };
		B4FB8AB924B4AEBD000B6729 /* Base */ = {isa = PBXFileReference; lastKnownFileType = file.storyboard; name = Base; path = Base.lproj/Main.storyboard; sourceTree = "<group>"; };
		B4FB8ABB24B4AEC7000B6729 /* Assets.xcassets */ = {isa = PBXFileReference; lastKnownFileType = folder.assetcatalog; path = Assets.xcassets; sourceTree = "<group>"; };
		B4FB8ABE24B4AEC7000B6729 /* Base */ = {isa = PBXFileReference; lastKnownFileType = file.storyboard; name = Base; path = Base.lproj/LaunchScreen.storyboard; sourceTree = "<group>"; };
		B4FB8AC024B4AEC7000B6729 /* Info.plist */ = {isa = PBXFileReference; lastKnownFileType = text.plist.xml; path = Info.plist; sourceTree = "<group>"; };
/* End PBXFileReference section */

/* Begin PBXFrameworksBuildPhase section */
		B4FB8AAC24B4AEBD000B6729 /* Frameworks */ = {
			isa = PBXFrameworksBuildPhase;
			buildActionMask = 2147483647;
			files = (
			);
			runOnlyForDeploymentPostprocessing = 0;
		};
/* End PBXFrameworksBuildPhase section */

/* Begin PBXGroup section */
		B409238B24B57A620058E86B /* Controller */ = {
			isa = PBXGroup;
			children = (
				B408393624B8689700614441 /* DeveloperCell.swift */,
				B408393224B865D600614441 /* DeveloperViewController.swift */,
				B4D94E8124B7621900BA638C /* GamesCell.swift */,
				B4FB8AB624B4AEBD000B6729 /* ViewController.swift */,
				B4D94E7F24B75DCD00BA638C /* DetailViewController.swift */,
				B409239824B57E6F0058E86B /* ProfileViewController.swift */,
				B438FC5424BA054200FD3539 /* Customize.swift */,
			);
			path = Controller;
			sourceTree = "<group>";
		};
		B409238C24B57A6B0058E86B /* View */ = {
			isa = PBXGroup;
			children = (
				B4FB8AB824B4AEBD000B6729 /* Main.storyboard */,
				B409239624B57E560058E86B /* ProfileViewStoryboard.storyboard */,
				B409239A24B5A3650058E86B /* HomeViewStoryboard.storyboard */,
				B4D94E8224B7621900BA638C /* GamesCell.xib */,
				B408393424B865E700614441 /* DeveloperViewStoryboard.storyboard */,
				B408393724B8689700614441 /* DeveloperCell.xib */,
			);
			path = View;
			sourceTree = "<group>";
		};
		B409238D24B57A720058E86B /* Model */ = {
			isa = PBXGroup;
			children = (
				B4D94E7B24B740D300BA638C /* DeveloperModel.swift */,
				B4D94E7724B714DF00BA638C /* GamesModel.swift */,
				B4D94E7924B73D1600BA638C /* DetailGameModel.swift */,
			);
			path = Model;
			sourceTree = "<group>";
		};
		B409238E24B57A870058E86B /* Base */ = {
			isa = PBXGroup;
			children = (
				B4FB8AB224B4AEBD000B6729 /* AppDelegate.swift */,
				B4FB8AB424B4AEBD000B6729 /* SceneDelegate.swift */,
			);
			path = Base;
			sourceTree = "<group>";
		};
		B409238F24B57A920058E86B /* Service API */ = {
			isa = PBXGroup;
			children = (
				B4D94E7D24B75D0600BA638C /* RawgServiceAPI.swift */,
			);
			path = "Service API";
			sourceTree = "<group>";
		};
		B4FB8AA624B4AEBD000B6729 = {
			isa = PBXGroup;
			children = (
				B4FB8AB124B4AEBD000B6729 /* GameCatalogue */,
				B4FB8AB024B4AEBD000B6729 /* Products */,
			);
			sourceTree = "<group>";
		};
		B4FB8AB024B4AEBD000B6729 /* Products */ = {
			isa = PBXGroup;
			children = (
				B4FB8AAF24B4AEBD000B6729 /* GameCatalogue.app */,
			);
			name = Products;
			sourceTree = "<group>";
		};
		B4FB8AB124B4AEBD000B6729 /* GameCatalogue */ = {
			isa = PBXGroup;
			children = (
				B409238E24B57A870058E86B /* Base */,
				B409238F24B57A920058E86B /* Service API */,
				B409238D24B57A720058E86B /* Model */,
				B409238C24B57A6B0058E86B /* View */,
				B409238B24B57A620058E86B /* Controller */,
				B4FB8ABB24B4AEC7000B6729 /* Assets.xcassets */,
				B4FB8ABD24B4AEC7000B6729 /* LaunchScreen.storyboard */,
				B4FB8AC024B4AEC7000B6729 /* Info.plist */,
			);
			path = GameCatalogue;
			sourceTree = "<group>";
		};
/* End PBXGroup section */

/* Begin PBXNativeTarget section */
		B4FB8AAE24B4AEBD000B6729 /* GameCatalogue */ = {
			isa = PBXNativeTarget;
			buildConfigurationList = B4FB8AC324B4AEC7000B6729 /* Build configuration list for PBXNativeTarget "GameCatalogue" */;
			buildPhases = (
				B4FB8AAB24B4AEBD000B6729 /* Sources */,
				B4FB8AAC24B4AEBD000B6729 /* Frameworks */,
				B4FB8AAD24B4AEBD000B6729 /* Resources */,
			);
			buildRules = (
			);
			dependencies = (
			);
			name = GameCatalogue;
			productName = GameCatalogue;
			productReference = B4FB8AAF24B4AEBD000B6729 /* GameCatalogue.app */;
			productType = "com.apple.product-type.application";
		};
/* End PBXNativeTarget section */

/* Begin PBXProject section */
		B4FB8AA724B4AEBD000B6729 /* Project object */ = {
			isa = PBXProject;
			attributes = {
				LastSwiftUpdateCheck = 1140;
				LastUpgradeCheck = 1140;
				ORGANIZATIONNAME = "Mochamad Nurkhayal Kadafi";
				TargetAttributes = {
					B4FB8AAE24B4AEBD000B6729 = {
						CreatedOnToolsVersion = 11.4.1;
					};
				};
			};
			buildConfigurationList = B4FB8AAA24B4AEBD000B6729 /* Build configuration list for PBXProject "GameCatalogue" */;
			compatibilityVersion = "Xcode 9.3";
			developmentRegion = en;
			hasScannedForEncodings = 0;
			knownRegions = (
				en,
				Base,
			);
			mainGroup = B4FB8AA624B4AEBD000B6729;
			productRefGroup = B4FB8AB024B4AEBD000B6729 /* Products */;
			projectDirPath = "";
			projectRoot = "";
			targets = (
				B4FB8AAE24B4AEBD000B6729 /* GameCatalogue */,
			);
		};
/* End PBXProject section */

/* Begin PBXResourcesBuildPhase section */
		B4FB8AAD24B4AEBD000B6729 /* Resources */ = {
			isa = PBXResourcesBuildPhase;
			buildActionMask = 2147483647;
			files = (
				B408393924B8689700614441 /* DeveloperCell.xib in Resources */,
				B409239B24B5A3650058E86B /* HomeViewStoryboard.storyboard in Resources */,
				B4FB8ABF24B4AEC7000B6729 /* LaunchScreen.storyboard in Resources */,
				B408393524B865E700614441 /* DeveloperViewStoryboard.storyboard in Resources */,
				B409239724B57E560058E86B /* ProfileViewStoryboard.storyboard in Resources */,
				B4FB8ABC24B4AEC7000B6729 /* Assets.xcassets in Resources */,
				B4D94E8424B7621900BA638C /* GamesCell.xib in Resources */,
				B4FB8ABA24B4AEBD000B6729 /* Main.storyboard in Resources */,
			);
			runOnlyForDeploymentPostprocessing = 0;
		};
/* End PBXResourcesBuildPhase section */

/* Begin PBXSourcesBuildPhase section */
		B4FB8AAB24B4AEBD000B6729 /* Sources */ = {
			isa = PBXSourcesBuildPhase;
			buildActionMask = 2147483647;
			files = (
				B408393824B8689700614441 /* DeveloperCell.swift in Sources */,
				B4D94E7C24B740D300BA638C /* DeveloperModel.swift in Sources */,
				B4D94E8324B7621900BA638C /* GamesCell.swift in Sources */,
				B408393324B865D600614441 /* DeveloperViewController.swift in Sources */,
				B4FB8AB724B4AEBD000B6729 /* ViewController.swift in Sources */,
				B4D94E7A24B73D1600BA638C /* DetailGameModel.swift in Sources */,
				B409239924B57E6F0058E86B /* ProfileViewController.swift in Sources */,
				B438FC5524BA054200FD3539 /* Customize.swift in Sources */,
				B4D94E7E24B75D0600BA638C /* RawgServiceAPI.swift in Sources */,
				B4FB8AB324B4AEBD000B6729 /* AppDelegate.swift in Sources */,
				B4D94E8024B75DCD00BA638C /* DetailViewController.swift in Sources */,
				B4FB8AB524B4AEBD000B6729 /* SceneDelegate.swift in Sources */,
				B4D94E7824B714DF00BA638C /* GamesModel.swift in Sources */,
			);
			runOnlyForDeploymentPostprocessing = 0;
		};
/* End PBXSourcesBuildPhase section */

/* Begin PBXVariantGroup section */
		B4FB8AB824B4AEBD000B6729 /* Main.storyboard */ = {
			isa = PBXVariantGroup;
			children = (
				B4FB8AB924B4AEBD000B6729 /* Base */,
			);
			name = Main.storyboard;
			sourceTree = "<group>";
		};
		B4FB8ABD24B4AEC7000B6729 /* LaunchScreen.storyboard */ = {
			isa = PBXVariantGroup;
			children = (
				B4FB8ABE24B4AEC7000B6729 /* Base */,
			);
			name = LaunchScreen.storyboard;
			sourceTree = "<group>";
		};
/* End PBXVariantGroup section */

/* Begin XCBuildConfiguration section */
		B4FB8AC124B4AEC7000B6729 /* Debug */ = {
			isa = XCBuildConfiguration;
			buildSettings = {
				ALWAYS_SEARCH_USER_PATHS = NO;
				CLANG_ANALYZER_NONNULL = YES;
				CLANG_ANALYZER_NUMBER_OBJECT_CONVERSION = YES_AGGRESSIVE;
				CLANG_CXX_LANGUAGE_STANDARD = "gnu++14";
				CLANG_CXX_LIBRARY = "libc++";
				CLANG_ENABLE_MODULES = YES;
				CLANG_ENABLE_OBJC_ARC = YES;
				CLANG_ENABLE_OBJC_WEAK = YES;
				CLANG_WARN_BLOCK_CAPTURE_AUTORELEASING = YES;
				CLANG_WARN_BOOL_CONVERSION = YES;
				CLANG_WARN_COMMA = YES;
				CLANG_WARN_CONSTANT_CONVERSION = YES;
				CLANG_WARN_DEPRECATED_OBJC_IMPLEMENTATIONS = YES;
				CLANG_WARN_DIRECT_OBJC_ISA_USAGE = YES_ERROR;
				CLANG_WARN_DOCUMENTATION_COMMENTS = YES;
				CLANG_WARN_EMPTY_BODY = YES;
				CLANG_WARN_ENUM_CONVERSION = YES;
				CLANG_WARN_INFINITE_RECURSION = YES;
				CLANG_WARN_INT_CONVERSION = YES;
				CLANG_WARN_NON_LITERAL_NULL_CONVERSION = YES;
				CLANG_WARN_OBJC_IMPLICIT_RETAIN_SELF = YES;
				CLANG_WARN_OBJC_LITERAL_CONVERSION = YES;
				CLANG_WARN_OBJC_ROOT_CLASS = YES_ERROR;
				CLANG_WARN_RANGE_LOOP_ANALYSIS = YES;
				CLANG_WARN_STRICT_PROTOTYPES = YES;
				CLANG_WARN_SUSPICIOUS_MOVE = YES;
				CLANG_WARN_UNGUARDED_AVAILABILITY = YES_AGGRESSIVE;
				CLANG_WARN_UNREACHABLE_CODE = YES;
				CLANG_WARN__DUPLICATE_METHOD_MATCH = YES;
				COPY_PHASE_STRIP = NO;
				DEBUG_INFORMATION_FORMAT = dwarf;
				ENABLE_STRICT_OBJC_MSGSEND = YES;
				ENABLE_TESTABILITY = YES;
				GCC_C_LANGUAGE_STANDARD = gnu11;
				GCC_DYNAMIC_NO_PIC = NO;
				GCC_NO_COMMON_BLOCKS = YES;
				GCC_OPTIMIZATION_LEVEL = 0;
				GCC_PREPROCESSOR_DEFINITIONS = (
					"DEBUG=1",
					"$(inherited)",
				);
				GCC_WARN_64_TO_32_BIT_CONVERSION = YES;
				GCC_WARN_ABOUT_RETURN_TYPE = YES_ERROR;
				GCC_WARN_UNDECLARED_SELECTOR = YES;
				GCC_WARN_UNINITIALIZED_AUTOS = YES_AGGRESSIVE;
				GCC_WARN_UNUSED_FUNCTION = YES;
				GCC_WARN_UNUSED_VARIABLE = YES;
				IPHONEOS_DEPLOYMENT_TARGET = 13.4;
				MTL_ENABLE_DEBUG_INFO = INCLUDE_SOURCE;
				MTL_FAST_MATH = YES;
				ONLY_ACTIVE_ARCH = YES;
				SDKROOT = iphoneos;
				SWIFT_ACTIVE_COMPILATION_CONDITIONS = DEBUG;
				SWIFT_OPTIMIZATION_LEVEL = "-Onone";
			};
			name = Debug;
		};
		B4FB8AC224B4AEC7000B6729 /* Release */ = {
			isa = XCBuildConfiguration;
			buildSettings = {
				ALWAYS_SEARCH_USER_PATHS = NO;
				CLANG_ANALYZER_NONNULL = YES;
				CLANG_ANALYZER_NUMBER_OBJECT_CONVERSION = YES_AGGRESSIVE;
				CLANG_CXX_LANGUAGE_STANDARD = "gnu++14";
				CLANG_CXX_LIBRARY = "libc++";
				CLANG_ENABLE_MODULES = YES;
				CLANG_ENABLE_OBJC_ARC = YES;
				CLANG_ENABLE_OBJC_WEAK = YES;
				CLANG_WARN_BLOCK_CAPTURE_AUTORELEASING = YES;
				CLANG_WARN_BOOL_CONVERSION = YES;
				CLANG_WARN_COMMA = YES;
				CLANG_WARN_CONSTANT_CONVERSION = YES;
				CLANG_WARN_DEPRECATED_OBJC_IMPLEMENTATIONS = YES;
				CLANG_WARN_DIRECT_OBJC_ISA_USAGE = YES_ERROR;
				CLANG_WARN_DOCUMENTATION_COMMENTS = YES;
				CLANG_WARN_EMPTY_BODY = YES;
				CLANG_WARN_ENUM_CONVERSION = YES;
				CLANG_WARN_INFINITE_RECURSION = YES;
				CLANG_WARN_INT_CONVERSION = YES;
				CLANG_WARN_NON_LITERAL_NULL_CONVERSION = YES;
				CLANG_WARN_OBJC_IMPLICIT_RETAIN_SELF = YES;
				CLANG_WARN_OBJC_LITERAL_CONVERSION = YES;
				CLANG_WARN_OBJC_ROOT_CLASS = YES_ERROR;
				CLANG_WARN_RANGE_LOOP_ANALYSIS = YES;
				CLANG_WARN_STRICT_PROTOTYPES = YES;
				CLANG_WARN_SUSPICIOUS_MOVE = YES;
				CLANG_WARN_UNGUARDED_AVAILABILITY = YES_AGGRESSIVE;
				CLANG_WARN_UNREACHABLE_CODE = YES;
				CLANG_WARN__DUPLICATE_METHOD_MATCH = YES;
				COPY_PHASE_STRIP = NO;
				DEBUG_INFORMATION_FORMAT = "dwarf-with-dsym";
				ENABLE_NS_ASSERTIONS = NO;
				ENABLE_STRICT_OBJC_MSGSEND = YES;
				GCC_C_LANGUAGE_STANDARD = gnu11;
				GCC_NO_COMMON_BLOCKS = YES;
				GCC_WARN_64_TO_32_BIT_CONVERSION = YES;
				GCC_WARN_ABOUT_RETURN_TYPE = YES_ERROR;
				GCC_WARN_UNDECLARED_SELECTOR = YES;
				GCC_WARN_UNINITIALIZED_AUTOS = YES_AGGRESSIVE;
				GCC_WARN_UNUSED_FUNCTION = YES;
				GCC_WARN_UNUSED_VARIABLE = YES;
				IPHONEOS_DEPLOYMENT_TARGET = 13.4;
				MTL_ENABLE_DEBUG_INFO = NO;
				MTL_FAST_MATH = YES;
				SDKROOT = iphoneos;
				SWIFT_COMPILATION_MODE = wholemodule;
				SWIFT_OPTIMIZATION_LEVEL = "-O";
				VALIDATE_PRODUCT = YES;
			};
			name = Release;
		};
		B4FB8AC424B4AEC7000B6729 /* Debug */ = {
			isa = XCBuildConfiguration;
			buildSettings = {
				ASSETCATALOG_COMPILER_APPICON_NAME = AppIcon;
				CODE_SIGN_STYLE = Automatic;
				INFOPLIST_FILE = GameCatalogue/Info.plist;
				LD_RUNPATH_SEARCH_PATHS = (
					"$(inherited)",
					"@executable_path/Frameworks",
				);
				PRODUCT_BUNDLE_IDENTIFIER = com.mochamadnurkhayal.kadafi.GameCatalogue;
				PRODUCT_NAME = "$(TARGET_NAME)";
				SWIFT_VERSION = 5.0;
				TARGETED_DEVICE_FAMILY = "1,2";
			};
			name = Debug;
		};
		B4FB8AC524B4AEC7000B6729 /* Release */ = {
			isa = XCBuildConfiguration;
			buildSettings = {
				ASSETCATALOG_COMPILER_APPICON_NAME = AppIcon;
				CODE_SIGN_STYLE = Automatic;
				INFOPLIST_FILE = GameCatalogue/Info.plist;
				LD_RUNPATH_SEARCH_PATHS = (
					"$(inherited)",
					"@executable_path/Frameworks",
				);
				PRODUCT_BUNDLE_IDENTIFIER = com.mochamadnurkhayal.kadafi.GameCatalogue;
				PRODUCT_NAME = "$(TARGET_NAME)";
				SWIFT_VERSION = 5.0;
				TARGETED_DEVICE_FAMILY = "1,2";
			};
			name = Release;
		};
/* End XCBuildConfiguration section */

/* Begin XCConfigurationList section */
		B4FB8AAA24B4AEBD000B6729 /* Build configuration list for PBXProject "GameCatalogue" */ = {
			isa = XCConfigurationList;
			buildConfigurations = (
				B4FB8AC124B4AEC7000B6729 /* Debug */,
				B4FB8AC224B4AEC7000B6729 /* Release */,
			);
			defaultConfigurationIsVisible = 0;
			defaultConfigurationName = Release;
		};
		B4FB8AC324B4AEC7000B6729 /* Build configuration list for PBXNativeTarget "GameCatalogue" */ = {
			isa = XCConfigurationList;
			buildConfigurations = (
				B4FB8AC424B4AEC7000B6729 /* Debug */,
				B4FB8AC524B4AEC7000B6729 /* Release */,
			);
			defaultConfigurationIsVisible = 0;
			defaultConfigurationName = Release;
		};
/* End XCConfigurationList section */
	};
	rootObject = B4FB8AA724B4AEBD000B6729 /* Project object */;
}
